# This file is automatically @generated by Cargo.
# It is not intended for manual editing.
version = 3

[[package]]
name = "calculator"
version = "0.1.0"
dependencies = [
 "scanrs",
]

[[package]]
name = "scanrs"
version = "0.3.0"
source = "registry+https://github.com/rust-lang/crates.io-index"
checksum = "ff90aa1fb53a5fef7e7d4214413109e9c96670ce8a6fead5045cfe7dcae98b0e"
